
Microsoft Visual Studio Solution File, Format Version 12.00
# Visual Studio Version 17
VisualStudioVersion = 17.1.32319.34
MinimumVisualStudioVersion = 10.0.40219.1
Project("{9A19103F-16F7-4668-BE54-9A1E7A4F7556}") = "TutorialDemos.BlazorAppClient", "TutorialDemos.BlazorAppClient\TutorialDemos.BlazorAppClient.csproj", "{5B5B5589-FF21-4EAA-A549-0DE59712BF07}"
EndProject
Project("{9A19103F-16F7-4668-BE54-9A1E7A4F7556}") = "TutorialDemos.BlazorAppServer", "TutorialDemos.BlazorAppServer\TutorialDemos.BlazorAppServer.csproj", "{AFCBF6F9-4D3E-4DCB-9E04-7A8B575DE068}"
EndProject
Project("{9A19103F-16F7-4668-BE54-9A1E7A4F7556}") = "TutorialDemos.PDFConsole", "TutorialDemos.PDFConsole\TutorialDemos.PDFConsole.csproj", "{84D24D96-47F0-48D0-BFFF-AD45D38F3275}"
EndProject
Project("{2150E333-8FDC-42A3-9474-1A3956D46DE8}") = "Consoles", "Consoles", "{C4DAAF49-41C4-4F17-95AB-5C51F8F158F9}"
EndProject
Project("{2150E333-8FDC-42A3-9474-1A3956D46DE8}") = "Web", "Web", "{E78CA0D2-9F7A-4990-8BF5-3C16EC7BA13A}"
EndProject
Project("{2150E333-8FDC-42A3-9474-1A3956D46DE8}") = "Functions", "Functions", "{D131FE71-4887-4E4B-B078-95F5069B6F65}"
EndProject
Project("{9A19103F-16F7-4668-BE54-9A1E7A4F7556}") = "TutorialDemos.Functions", "TutorialDemos.Functions\TutorialDemos.Functions.csproj", "{2725CA95-85C7-43F9-B51E-ED7276089E95}"
EndProject
Project("{2150E333-8FDC-42A3-9474-1A3956D46DE8}") = "Mobile", "Mobile", "{049FB667-89E4-4209-B0E5-82EEC1945678}"
EndProject
Global
	GlobalSection(SolutionConfigurationPlatforms) = preSolution
		Debug|Any CPU = Debug|Any CPU
		Release|Any CPU = Release|Any CPU
	EndGlobalSection
	GlobalSection(ProjectConfigurationPlatforms) = postSolution
		{5B5B5589-FF21-4EAA-A549-0DE59712BF07}.Debug|Any CPU.ActiveCfg = Debug|Any CPU
		{5B5B5589-FF21-4EAA-A549-0DE59712BF07}.Debug|Any CPU.Build.0 = Debug|Any CPU
		{5B5B5589-FF21-4EAA-A549-0DE59712BF07}.Release|Any CPU.ActiveCfg = Release|Any CPU
		{5B5B5589-FF21-4EAA-A549-0DE59712BF07}.Release|Any CPU.Build.0 = Release|Any CPU
		{AFCBF6F9-4D3E-4DCB-9E04-7A8B575DE068}.Debug|Any CPU.ActiveCfg = Debug|Any CPU
		{AFCBF6F9-4D3E-4DCB-9E04-7A8B575DE068}.Debug|Any CPU.Build.0 = Debug|Any CPU
		{AFCBF6F9-4D3E-4DCB-9E04-7A8B575DE068}.Release|Any CPU.ActiveCfg = Release|Any CPU
		{AFCBF6F9-4D3E-4DCB-9E04-7A8B575DE068}.Release|Any CPU.Build.0 = Release|Any CPU
		{84D24D96-47F0-48D0-BFFF-AD45D38F3275}.Debug|Any CPU.ActiveCfg = Debug|Any CPU
		{84D24D96-47F0-48D0-BFFF-AD45D38F3275}.Debug|Any CPU.Build.0 = Debug|Any CPU
		{84D24D96-47F0-48D0-BFFF-AD45D38F3275}.Release|Any CPU.ActiveCfg = Release|Any CPU
		{84D24D96-47F0-48D0-BFFF-AD45D38F3275}.Release|Any CPU.Build.0 = Release|Any CPU
		{2725CA95-85C7-43F9-B51E-ED7276089E95}.Debug|Any CPU.ActiveCfg = Debug|Any CPU
		{2725CA95-85C7-43F9-B51E-ED7276089E95}.Debug|Any CPU.Build.0 = Debug|Any CPU
		{2725CA95-85C7-43F9-B51E-ED7276089E95}.Release|Any CPU.ActiveCfg = Release|Any CPU
		{2725CA95-85C7-43F9-B51E-ED7276089E95}.Release|Any CPU.Build.0 = Release|Any CPU
	EndGlobalSection
	GlobalSection(SolutionProperties) = preSolution
		HideSolutionNode = FALSE
	EndGlobalSection
	GlobalSection(NestedProjects) = preSolution
		{5B5B5589-FF21-4EAA-A549-0DE59712BF07} = {E78CA0D2-9F7A-4990-8BF5-3C16EC7BA13A}
		{AFCBF6F9-4D3E-4DCB-9E04-7A8B575DE068} = {E78CA0D2-9F7A-4990-8BF5-3C16EC7BA13A}
		{84D24D96-47F0-48D0-BFFF-AD45D38F3275} = {C4DAAF49-41C4-4F17-95AB-5C51F8F158F9}
		{2725CA95-85C7-43F9-B51E-ED7276089E95} = {D131FE71-4887-4E4B-B078-95F5069B6F65}
	EndGlobalSection
	GlobalSection(ExtensibilityGlobals) = postSolution
		SolutionGuid = {4FFD53E1-3780-4B85-9359-57FF78BFEDF9}
	EndGlobalSection
EndGlobal
